
Microsoft Visual Studio Solution File, Format Version 12.00
# Visual Studio Version 17
VisualStudioVersion = 17.13.35828.75
MinimumVisualStudioVersion = 10.0.40219.1
Project("{FAE04EC0-301F-11D3-BF4B-00C04F79EFBC}") = "Nora.Bff.Api", "Nora.Bff.Api\Nora.Bff.Api.csproj", "{92CB12E3-5EBA-4CAE-A2F3-9B34665CD4AD}"
EndProject
Global
	GlobalSection(SolutionConfigurationPlatforms) = preSolution
		Debug|Any CPU = Debug|Any CPU
		Release|Any CPU = Release|Any CPU
	EndGlobalSection
	GlobalSection(ProjectConfigurationPlatforms) = postSolution
		{92CB12E3-5EBA-4CAE-A2F3-9B34665CD4AD}.Debug|Any CPU.ActiveCfg = Debug|Any CPU
		{92CB12E3-5EBA-4CAE-A2F3-9B34665CD4AD}.Debug|Any CPU.Build.0 = Debug|Any CPU
		{92CB12E3-5EBA-4CAE-A2F3-9B34665CD4AD}.Release|Any CPU.ActiveCfg = Release|Any CPU
		{92CB12E3-5EBA-4CAE-A2F3-9B34665CD4AD}.Release|Any CPU.Build.0 = Release|Any CPU		
	EndGlobalSection
	GlobalSection(SolutionProperties) = preSolution
		HideSolutionNode = FALSE
	EndGlobalSection
	GlobalSection(ExtensibilityGlobals) = postSolution
		SolutionGuid = {34471559-CF6E-4F7B-BFA9-DA026B7A435C}
	EndGlobalSection
EndGlobal
